Microsoft Visual Studio Solution File, Format Version 12.00
# Visual Studio Version 18
VisualStudioVersion = 18.1.11312.151
MinimumVisualStudioVersion = 10.0.40219.1
Project("{8BC9CEB8-8B4A-11D0-8D11-00A0C91BC942}") = "xlive", "xlive\Project_Cartographer.vcxproj", "{DC9655D6-D9C0-4837-8A63-B0693EEED4E8}"
	ProjectSection(ProjectDependencies) = postProject
		{0A00117C-C1D6-4C5C-B241-694D7F87421F} = {0A00117C-C1D6-4C5C-B241-694D7F87421F}
		{349AD4A3-7F10-438B-A15F-58F57A4D5F36} = {349AD4A3-7F10-438B-A15F-58F57A4D5F36}
		{ECCF965A-3A41-455C-A0C2-5829F00D03B8} = {ECCF965A-3A41-455C-A0C2-5829F00D03B8}
	EndProjectSection
EndProject
Project("{8BC9CEB8-8B4A-11D0-8D11-00A0C91BC942}") = "zlib", "xlive\3rdparty\zlib\zlib.vcxproj", "{0A00117C-C1D6-4C5C-B241-694D7F87421F}"
EndProject
Project("{8BC9CEB8-8B4A-11D0-8D11-00A0C91BC942}") = "imguilib", "xlive\3rdparty\imgui\imguilib.vcxproj", "{349AD4A3-7F10-438B-A15F-58F57A4D5F36}"
EndProject
Project("{8BC9CEB8-8B4A-11D0-8D11-00A0C91BC942}") = "tinyxmllib", "xlive\3rdparty\tinyxml\tinyxmllib.vcxproj", "{ECCF965A-3A41-455C-A0C2-5829F00D03B8}"
EndProject
Project("{2150E333-8FDC-42A3-9474-1A3956D46DE8}") = "external_libraries", "external_libraries", "{F7C6A7FA-CF62-4F3E-B7BC-B97A5CE5996F}"
EndProject
Project("{8BC9CEB8-8B4A-11D0-8D11-00A0C91BC942}") = "h2admin", "xlive\Blam\Engine\kablam\h2admin.vcxproj", "{16ACD315-3DFE-451B-B68A-5C4ED4D4D179}"
EndProject
Global
	GlobalSection(SolutionConfigurationPlatforms) = preSolution
		debug_llvm|x64 = debug_llvm|x64
		debug_llvm|x86 = debug_llvm|x86
		debug_msvc|x64 = debug_msvc|x64
		debug_msvc|x86 = debug_msvc|x86
		release_llvm|x64 = release_llvm|x64
		release_llvm|x86 = release_llvm|x86
		release_min_llvm|x64 = release_min_llvm|x64
		release_min_llvm|x86 = release_min_llvm|x86
		release_min_msvc|x64 = release_min_msvc|x64
		release_min_msvc|x86 = release_min_msvc|x86
		release_msvc|x64 = release_msvc|x64
		release_msvc|x86 = release_msvc|x86
	EndGlobalSection
	GlobalSection(ProjectConfigurationPlatforms) = postSolution
		{DC9655D6-D9C0-4837-8A63-B0693EEED4E8}.debug_llvm|x64.ActiveCfg = debug_llvm|x64
		{DC9655D6-D9C0-4837-8A63-B0693EEED4E8}.debug_llvm|x64.Build.0 = debug_llvm|x64
		{DC9655D6-D9C0-4837-8A63-B0693EEED4E8}.debug_llvm|x86.ActiveCfg = debug_llvm|Win32
		{DC9655D6-D9C0-4837-8A63-B0693EEED4E8}.debug_llvm|x86.Build.0 = debug_llvm|Win32
		{DC9655D6-D9C0-4837-8A63-B0693EEED4E8}.debug_msvc|x64.ActiveCfg = debug_msvc|x64
		{DC9655D6-D9C0-4837-8A63-B0693EEED4E8}.debug_msvc|x64.Build.0 = debug_msvc|x64
		{DC9655D6-D9C0-4837-8A63-B0693EEED4E8}.debug_msvc|x86.ActiveCfg = debug_msvc|Win32
		{DC9655D6-D9C0-4837-8A63-B0693EEED4E8}.debug_msvc|x86.Build.0 = debug_msvc|Win32
		{DC9655D6-D9C0-4837-8A63-B0693EEED4E8}.release_llvm|x64.ActiveCfg = release_llvm|x64
		{DC9655D6-D9C0-4837-8A63-B0693EEED4E8}.release_llvm|x64.Build.0 = release_llvm|x64
		{DC9655D6-D9C0-4837-8A63-B0693EEED4E8}.release_llvm|x86.ActiveCfg = release_llvm|Win32
		{DC9655D6-D9C0-4837-8A63-B0693EEED4E8}.release_llvm|x86.Build.0 = release_llvm|Win32
		{DC9655D6-D9C0-4837-8A63-B0693EEED4E8}.release_min_llvm|x64.ActiveCfg = release_min_llvm|x64
		{DC9655D6-D9C0-4837-8A63-B0693EEED4E8}.release_min_llvm|x64.Build.0 = release_min_llvm|x64
		{DC9655D6-D9C0-4837-8A63-B0693EEED4E8}.release_min_llvm|x86.ActiveCfg = release_min_llvm|Win32
		{DC9655D6-D9C0-4837-8A63-B0693EEED4E8}.release_min_llvm|x86.Build.0 = release_min_llvm|Win32
		{DC9655D6-D9C0-4837-8A63-B0693EEED4E8}.release_min_msvc|x64.ActiveCfg = release_min_msvc|x64
		{DC9655D6-D9C0-4837-8A63-B0693EEED4E8}.release_min_msvc|x64.Build.0 = release_min_msvc|x64
		{DC9655D6-D9C0-4837-8A63-B0693EEED4E8}.release_min_msvc|x86.ActiveCfg = release_min_msvc|Win32
		{DC9655D6-D9C0-4837-8A63-B0693EEED4E8}.release_min_msvc|x86.Build.0 = release_min_msvc|Win32
		{DC9655D6-D9C0-4837-8A63-B0693EEED4E8}.release_msvc|x64.ActiveCfg = release_msvc|x64
		{DC9655D6-D9C0-4837-8A63-B0693EEED4E8}.release_msvc|x64.Build.0 = release_msvc|x64
		{DC9655D6-D9C0-4837-8A63-B0693EEED4E8}.release_msvc|x86.ActiveCfg = release_msvc|Win32
		{DC9655D6-D9C0-4837-8A63-B0693EEED4E8}.release_msvc|x86.Build.0 = release_msvc|Win32
		{0A00117C-C1D6-4C5C-B241-694D7F87421F}.debug_llvm|x64.ActiveCfg = debug_msvc|x64
		{0A00117C-C1D6-4C5C-B241-694D7F87421F}.debug_llvm|x64.Build.0 = debug_msvc|x64
		{0A00117C-C1D6-4C5C-B241-694D7F87421F}.debug_llvm|x86.ActiveCfg = debug_msvc|Win32
		{0A00117C-C1D6-4C5C-B241-694D7F87421F}.debug_llvm|x86.Build.0 = debug_msvc|Win32
		{0A00117C-C1D6-4C5C-B241-694D7F87421F}.debug_msvc|x64.ActiveCfg = debug_msvc|x64
		{0A00117C-C1D6-4C5C-B241-694D7F87421F}.debug_msvc|x64.Build.0 = debug_msvc|x64
		{0A00117C-C1D6-4C5C-B241-694D7F87421F}.debug_msvc|x86.ActiveCfg = debug_msvc|Win32
		{0A00117C-C1D6-4C5C-B241-694D7F87421F}.debug_msvc|x86.Build.0 = debug_msvc|Win32
		{0A00117C-C1D6-4C5C-B241-694D7F87421F}.release_llvm|x64.ActiveCfg = release_msvc|x64
		{0A00117C-C1D6-4C5C-B241-694D7F87421F}.release_llvm|x64.Build.0 = release_msvc|x64
		{0A00117C-C1D6-4C5C-B241-694D7F87421F}.release_llvm|x86.ActiveCfg = release_msvc|Win32
		{0A00117C-C1D6-4C5C-B241-694D7F87421F}.release_llvm|x86.Build.0 = release_msvc|Win32
		{0A00117C-C1D6-4C5C-B241-694D7F87421F}.release_min_llvm|x64.ActiveCfg = release_min_msvc|x64
		{0A00117C-C1D6-4C5C-B241-694D7F87421F}.release_min_llvm|x64.Build.0 = release_min_msvc|x64
		{0A00117C-C1D6-4C5C-B241-694D7F87421F}.release_min_llvm|x86.ActiveCfg = release_min_msvc|Win32
		{0A00117C-C1D6-4C5C-B241-694D7F87421F}.release_min_llvm|x86.Build.0 = release_min_msvc|Win32
		{0A00117C-C1D6-4C5C-B241-694D7F87421F}.release_min_msvc|x64.ActiveCfg = release_min_msvc|x64
		{0A00117C-C1D6-4C5C-B241-694D7F87421F}.release_min_msvc|x64.Build.0 = release_min_msvc|x64
		{0A00117C-C1D6-4C5C-B241-694D7F87421F}.release_min_msvc|x86.ActiveCfg = release_min_msvc|Win32
		{0A00117C-C1D6-4C5C-B241-694D7F87421F}.release_min_msvc|x86.Build.0 = release_min_msvc|Win32
		{0A00117C-C1D6-4C5C-B241-694D7F87421F}.release_msvc|x64.ActiveCfg = release_msvc|x64
		{0A00117C-C1D6-4C5C-B241-694D7F87421F}.release_msvc|x64.Build.0 = release_msvc|x64
		{0A00117C-C1D6-4C5C-B241-694D7F87421F}.release_msvc|x86.ActiveCfg = release_msvc|Win32
		{0A00117C-C1D6-4C5C-B241-694D7F87421F}.release_msvc|x86.Build.0 = release_msvc|Win32
		{349AD4A3-7F10-438B-A15F-58F57A4D5F36}.debug_llvm|x64.ActiveCfg = debug_msvc|x64
		{349AD4A3-7F10-438B-A15F-58F57A4D5F36}.debug_llvm|x64.Build.0 = debug_msvc|x64
		{349AD4A3-7F10-438B-A15F-58F57A4D5F36}.debug_llvm|x86.ActiveCfg = debug_msvc|Win32
		{349AD4A3-7F10-438B-A15F-58F57A4D5F36}.debug_llvm|x86.Build.0 = debug_msvc|Win32
		{349AD4A3-7F10-438B-A15F-58F57A4D5F36}.debug_msvc|x64.ActiveCfg = debug_msvc|x64
		{349AD4A3-7F10-438B-A15F-58F57A4D5F36}.debug_msvc|x64.Build.0 = debug_msvc|x64
		{349AD4A3-7F10-438B-A15F-58F57A4D5F36}.debug_msvc|x86.ActiveCfg = debug_msvc|Win32
		{349AD4A3-7F10-438B-A15F-58F57A4D5F36}.debug_msvc|x86.Build.0 = debug_msvc|Win32
		{349AD4A3-7F10-438B-A15F-58F57A4D5F36}.release_llvm|x64.ActiveCfg = release_msvc|x64
		{349AD4A3-7F10-438B-A15F-58F57A4D5F36}.release_llvm|x64.Build.0 = release_msvc|x64
		{349AD4A3-7F10-438B-A15F-58F57A4D5F36}.release_llvm|x86.ActiveCfg = release_msvc|Win32
		{349AD4A3-7F10-438B-A15F-58F57A4D5F36}.release_llvm|x86.Build.0 = release_msvc|Win32
		{349AD4A3-7F10-438B-A15F-58F57A4D5F36}.release_min_llvm|x64.ActiveCfg = release_min_msvc|x64
		{349AD4A3-7F10-438B-A15F-58F57A4D5F36}.release_min_llvm|x64.Build.0 = release_min_msvc|x64
		{349AD4A3-7F10-438B-A15F-58F57A4D5F36}.release_min_llvm|x86.ActiveCfg = release_min_msvc|Win32
		{349AD4A3-7F10-438B-A15F-58F57A4D5F36}.release_min_msvc|x64.ActiveCfg = release_min_msvc|x64
		{349AD4A3-7F10-438B-A15F-58F57A4D5F36}.release_min_msvc|x64.Build.0 = release_min_msvc|x64
		{349AD4A3-7F10-438B-A15F-58F57A4D5F36}.release_min_msvc|x86.ActiveCfg = release_min_msvc|Win32
		{349AD4A3-7F10-438B-A15F-58F57A4D5F36}.release_msvc|x64.ActiveCfg = release_msvc|x64
		{349AD4A3-7F10-438B-A15F-58F57A4D5F36}.release_msvc|x64.Build.0 = release_msvc|x64
		{349AD4A3-7F10-438B-A15F-58F57A4D5F36}.release_msvc|x86.ActiveCfg = release_msvc|Win32
		{349AD4A3-7F10-438B-A15F-58F57A4D5F36}.release_msvc|x86.Build.0 = release_msvc|Win32
		{ECCF965A-3A41-455C-A0C2-5829F00D03B8}.debug_llvm|x64.ActiveCfg = debug_msvc|x64
		{ECCF965A-3A41-455C-A0C2-5829F00D03B8}.debug_llvm|x64.Build.0 = debug_msvc|x64
		{ECCF965A-3A41-455C-A0C2-5829F00D03B8}.debug_llvm|x86.ActiveCfg = debug_msvc|Win32
		{ECCF965A-3A41-455C-A0C2-5829F00D03B8}.debug_llvm|x86.Build.0 = debug_msvc|Win32
		{ECCF965A-3A41-455C-A0C2-5829F00D03B8}.debug_msvc|x64.ActiveCfg = debug_msvc|x64
		{ECCF965A-3A41-455C-A0C2-5829F00D03B8}.debug_msvc|x64.Build.0 = debug_msvc|x64
		{ECCF965A-3A41-455C-A0C2-5829F00D03B8}.debug_msvc|x86.ActiveCfg = debug_msvc|Win32
		{ECCF965A-3A41-455C-A0C2-5829F00D03B8}.debug_msvc|x86.Build.0 = debug_msvc|Win32
		{ECCF965A-3A41-455C-A0C2-5829F00D03B8}.release_llvm|x64.ActiveCfg = release_msvc|x64
		{ECCF965A-3A41-455C-A0C2-5829F00D03B8}.release_llvm|x64.Build.0 = release_msvc|x64
		{ECCF965A-3A41-455C-A0C2-5829F00D03B8}.release_llvm|x86.ActiveCfg = release_msvc|Win32
		{ECCF965A-3A41-455C-A0C2-5829F00D03B8}.release_llvm|x86.Build.0 = release_msvc|Win32
		{ECCF965A-3A41-455C-A0C2-5829F00D03B8}.release_min_llvm|x64.ActiveCfg = release_min_msvc|x64
		{ECCF965A-3A41-455C-A0C2-5829F00D03B8}.release_min_llvm|x64.Build.0 = release_min_msvc|x64
		{ECCF965A-3A41-455C-A0C2-5829F00D03B8}.release_min_llvm|x86.ActiveCfg = release_min_msvc|Win32
		{ECCF965A-3A41-455C-A0C2-5829F00D03B8}.release_min_llvm|x86.Build.0 = release_min_msvc|Win32
		{ECCF965A-3A41-455C-A0C2-5829F00D03B8}.release_min_msvc|x64.ActiveCfg = release_min_msvc|x64
		{ECCF965A-3A41-455C-A0C2-5829F00D03B8}.release_min_msvc|x64.Build.0 = release_min_msvc|x64
		{ECCF965A-3A41-455C-A0C2-5829F00D03B8}.release_min_msvc|x86.ActiveCfg = release_min_msvc|Win32
		{ECCF965A-3A41-455C-A0C2-5829F00D03B8}.release_min_msvc|x86.Build.0 = release_min_msvc|Win32
		{ECCF965A-3A41-455C-A0C2-5829F00D03B8}.release_msvc|x64.ActiveCfg = release_msvc|x64
		{ECCF965A-3A41-455C-A0C2-5829F00D03B8}.release_msvc|x64.Build.0 = release_msvc|x64
		{ECCF965A-3A41-455C-A0C2-5829F00D03B8}.release_msvc|x86.ActiveCfg = release_msvc|Win32
		{ECCF965A-3A41-455C-A0C2-5829F00D03B8}.release_msvc|x86.Build.0 = release_msvc|Win32
		{16ACD315-3DFE-451B-B68A-5C4ED4D4D179}.debug_llvm|x64.ActiveCfg = debug_llvm|x64
		{16ACD315-3DFE-451B-B68A-5C4ED4D4D179}.debug_llvm|x64.Build.0 = debug_llvm|x64
		{16ACD315-3DFE-451B-B68A-5C4ED4D4D179}.debug_llvm|x86.ActiveCfg = debug_llvm|Win32
		{16ACD315-3DFE-451B-B68A-5C4ED4D4D179}.debug_llvm|x86.Build.0 = debug_llvm|Win32
		{16ACD315-3DFE-451B-B68A-5C4ED4D4D179}.debug_msvc|x64.ActiveCfg = debug_msvc|x64
		{16ACD315-3DFE-451B-B68A-5C4ED4D4D179}.debug_msvc|x64.Build.0 = debug_msvc|x64
		{16ACD315-3DFE-451B-B68A-5C4ED4D4D179}.debug_msvc|x86.ActiveCfg = debug_msvc|Win32
		{16ACD315-3DFE-451B-B68A-5C4ED4D4D179}.debug_msvc|x86.Build.0 = debug_msvc|Win32
		{16ACD315-3DFE-451B-B68A-5C4ED4D4D179}.release_llvm|x64.ActiveCfg = release_llvm|x64
		{16ACD315-3DFE-451B-B68A-5C4ED4D4D179}.release_llvm|x64.Build.0 = release_llvm|x64
		{16ACD315-3DFE-451B-B68A-5C4ED4D4D179}.release_llvm|x86.ActiveCfg = release_llvm|Win32
		{16ACD315-3DFE-451B-B68A-5C4ED4D4D179}.release_llvm|x86.Build.0 = release_llvm|Win32
		{16ACD315-3DFE-451B-B68A-5C4ED4D4D179}.release_min_llvm|x64.ActiveCfg = release_min_llvm|x64
		{16ACD315-3DFE-451B-B68A-5C4ED4D4D179}.release_min_llvm|x64.Build.0 = release_min_llvm|x64
		{16ACD315-3DFE-451B-B68A-5C4ED4D4D179}.release_min_llvm|x86.ActiveCfg = release_min_msvc|Win32
		{16ACD315-3DFE-451B-B68A-5C4ED4D4D179}.release_min_llvm|x86.Build.0 = release_min_msvc|Win32
		{16ACD315-3DFE-451B-B68A-5C4ED4D4D179}.release_min_msvc|x64.ActiveCfg = release_min_msvc|x64
		{16ACD315-3DFE-451B-B68A-5C4ED4D4D179}.release_min_msvc|x64.Build.0 = release_min_msvc|x64
		{16ACD315-3DFE-451B-B68A-5C4ED4D4D179}.release_min_msvc|x86.ActiveCfg = release_min_msvc|Win32
		{16ACD315-3DFE-451B-B68A-5C4ED4D4D179}.release_min_msvc|x86.Build.0 = release_min_msvc|Win32
		{16ACD315-3DFE-451B-B68A-5C4ED4D4D179}.release_msvc|x64.ActiveCfg = release_msvc|x64
		{16ACD315-3DFE-451B-B68A-5C4ED4D4D179}.release_msvc|x64.Build.0 = release_msvc|x64
		{16ACD315-3DFE-451B-B68A-5C4ED4D4D179}.release_msvc|x86.ActiveCfg = release_msvc|Win32
		{16ACD315-3DFE-451B-B68A-5C4ED4D4D179}.release_msvc|x86.Build.0 = release_msvc|Win32
	EndGlobalSection
	GlobalSection(SolutionProperties) = preSolution
		HideSolutionNode = FALSE
	EndGlobalSection
	GlobalSection(NestedProjects) = preSolution
		{0A00117C-C1D6-4C5C-B241-694D7F87421F} = {F7C6A7FA-CF62-4F3E-B7BC-B97A5CE5996F}
		{349AD4A3-7F10-438B-A15F-58F57A4D5F36} = {F7C6A7FA-CF62-4F3E-B7BC-B97A5CE5996F}
		{ECCF965A-3A41-455C-A0C2-5829F00D03B8} = {F7C6A7FA-CF62-4F3E-B7BC-B97A5CE5996F}
	EndGlobalSection
	GlobalSection(ExtensibilityGlobals) = postSolution
		SolutionGuid = {6DAC2B88-E92D-4630-A510-F749F197D188}
	EndGlobalSection
EndGlobal
