<?xml version="1.0" encoding="utf-8"?>
<Project ToolsVersion="4.0" xmlns="http://schemas.microsoft.com/developer/msbuild/2003">
  <ItemGroup>
    <Filter Include="Source Files">
      <UniqueIdentifier>{3e83253f-3671-49c0-ae8d-744a3a2d9c2b}</UniqueIdentifier>
      <Extensions>cpp;c;cxx;rc;def;r;odl;idl;hpj;bat</Extensions>
    </Filter>
    <Filter Include="Header Files">
      <UniqueIdentifier>{26da70fa-61a4-4e90-bbc2-fb167b333db3}</UniqueIdentifier>
      <Extensions>h;hpp;hxx;hm;inl</Extensions>
    </Filter>
    <Filter Include="Resource Files">
      <UniqueIdentifier>{7df0e8d8-00ce-499a-8c23-c6816b38c73d}</UniqueIdentifier>
      <Extensions>ico;cur;bmp;dlg;rc2;rct;bin;rgs;gif;jpg;jpeg;jpe</Extensions>
    </Filter>
    <Filter Include="Source Files\xlive">
      <UniqueIdentifier>{cf71a59b-5460-4fe7-8953-30d0bd68357b}</UniqueIdentifier>
    </Filter>
    <Filter Include="Source Files\H2MOD">
      <UniqueIdentifier>{2c24eac4-ffb8-4f03-b12f-4c8610683f02}</UniqueIdentifier>
    </Filter>
    <Filter Include="Source Files\H2MOD\Header Files">
      <UniqueIdentifier>{9f856530-dcb3-4e2a-8786-00d436520d3a}</UniqueIdentifier>
    </Filter>
    <Filter Include="Source Files\H2MOD\Source Files">
      <UniqueIdentifier>{aed100e2-acf2-4d0b-9c87-6da40d3b88f9}</UniqueIdentifier>
    </Filter>
    <Filter Include="Source Files\xlive\User Handling">
      <UniqueIdentifier>{6f64c45f-8032-4681-a961-0b27caef7bd5}</UniqueIdentifier>
    </Filter>
    <Filter Include="Source Files\H2MOD\GUI">
      <UniqueIdentifier>{00a6b156-92cb-440a-aca4-40db453e82c1}</UniqueIdentifier>
    </Filter>
    <Filter Include="Source Files\H2MOD\GUI\Header Files">
      <UniqueIdentifier>{c802d0b3-452a-4459-824a-62d80c0815a0}</UniqueIdentifier>
    </Filter>
    <Filter Include="Source Files\H2MOD\GUI\Source Files">
      <UniqueIdentifier>{b245bfb5-9e14-482c-9568-9e01aaab83a1}</UniqueIdentifier>
    </Filter>
    <Filter Include="Source Files\H2MOD\GUI\Source Files\Direct3D9">
      <UniqueIdentifier>{933eb738-ef3b-4896-a991-645018ac135b}</UniqueIdentifier>
    </Filter>
    <Filter Include="Source Files\GlitchyScripts">
      <UniqueIdentifier>{c50ed4e8-db51-43bf-bc48-a7d5abc06719}</UniqueIdentifier>
    </Filter>
    <Filter Include="Source Files\Blam">
      <UniqueIdentifier>{cc2c99fc-365a-4378-8c80-48e7fc3c5e79}</UniqueIdentifier>
    </Filter>
    <Filter Include="Source Files\Blam\Engine">
      <UniqueIdentifier>{1756db8f-ba07-4777-b4ef-1b6de3bf674f}</UniqueIdentifier>
    </Filter>
    <Filter Include="Source Files\Blam\Engine\Extras">
      <UniqueIdentifier>{ee386d18-ee75-4f64-ab14-4ef7bedf702c}</UniqueIdentifier>
    </Filter>
    <Filter Include="Source Files\Blam\Engine\Game">
      <UniqueIdentifier>{08197ffa-f27b-417e-8a0f-8e0c7f1e36b3}</UniqueIdentifier>
    </Filter>
    <Filter Include="Source Files\Blam\Engine\Objects">
      <UniqueIdentifier>{20a09ede-d2c0-4755-8abf-e84f4d8efca9}</UniqueIdentifier>
    </Filter>
    <Filter Include="Source Files\Blam\Engine\Players">
      <UniqueIdentifier>{4d7ace68-c64c-4829-907a-04ea9f259105}</UniqueIdentifier>
    </Filter>
    <Filter Include="Source Files\Blam\Enums">
      <UniqueIdentifier>{f9c50c86-269f-48c1-b6db-37bd6ca68e06}</UniqueIdentifier>
    </Filter>
    <Filter Include="Source Files\Blam\Enums\Players">
      <UniqueIdentifier>{06078d05-7eda-4844-b030-d46c92832dfb}</UniqueIdentifier>
    </Filter>
    <Filter Include="Source Files\Blam\Enums\Game">
      <UniqueIdentifier>{0f6b82bd-b3fa-4887-baec-fd8d60b66c1c}</UniqueIdentifier>
    </Filter>
    <Filter Include="Source Files\Blam\Maths">
      <UniqueIdentifier>{c4fb9ac0-3d6c-4137-8a24-eac1146f5614}</UniqueIdentifier>
    </Filter>
    <Filter Include="Source Files\Blam\Shared">
      <UniqueIdentifier>{b66746a4-d12d-44e8-9b07-93611bdb2c72}</UniqueIdentifier>
    </Filter>
    <Filter Include="Source Files\Blam\Enums\Objects">
      <UniqueIdentifier>{b6472f0a-f04e-45d0-adb0-c2835f526b6c}</UniqueIdentifier>
    </Filter>
    <Filter Include="Source Files\Discord">
      <UniqueIdentifier>{878d46ad-b9ab-4fd7-b625-bdd1b7774c85}</UniqueIdentifier>
    </Filter>
    <Filter Include="Source Files\Blam\Engine\FileSystem">
      <UniqueIdentifier>{aa2f6652-3038-44a5-9f37-1fc5c8f2319c}</UniqueIdentifier>
    </Filter>
    <Filter Include="Source Files\Util">
      <UniqueIdentifier>{c81074c8-4b7e-407c-abfd-8bad3f8cc1e1}</UniqueIdentifier>
    </Filter>
    <Filter Include="Source Files\Util\Debug">
      <UniqueIdentifier>{079caff9-f35c-4474-a5d8-24eea25005d4}</UniqueIdentifier>
    </Filter>
    <Filter Include="Source Files\Util\hooks">
      <UniqueIdentifier>{6e3b665a-267b-4baf-9978-190c7753a4d1}</UniqueIdentifier>
    </Filter>
  </ItemGroup>
  <ItemGroup>
    <ClCompile Include="dllmain.cpp">
      <Filter>Source Files</Filter>
    </ClCompile>
    <ClCompile Include="Network.cpp">
      <Filter>Source Files\H2MOD\Source Files</Filter>
    </ClCompile>
    <ClCompile Include="H2MOD.cpp">
      <Filter>Source Files\H2MOD\Source Files</Filter>
    </ClCompile>
    <ClCompile Include="xlive_network.cpp">
      <Filter>Source Files\xlive</Filter>
    </ClCompile>
    <ClCompile Include="xliveless.cpp">
      <Filter>Source Files\xlive</Filter>
    </ClCompile>
    <ClCompile Include="Detour.cpp">
      <Filter>Source Files\Util\hooks</Filter>
    </ClCompile>
    <ClCompile Include="Hook.cpp">
      <Filter>Source Files\Util\hooks</Filter>
    </ClCompile>
    <ClCompile Include="CUser.cpp">
      <Filter>Source Files\xlive\User Handling</Filter>
    </ClCompile>
    <ClCompile Include="packet.pb.cc">
      <Filter>Source Files\xlive\User Handling</Filter>
    </ClCompile>
    <ClCompile Include="GUI.cpp">
      <Filter>Source Files\H2MOD\GUI\Source Files</Filter>
    </ClCompile>
    <ClCompile Include="cartographer_main.cpp">
      <Filter>Source Files\H2MOD\GUI\Source Files</Filter>
    </ClCompile>
    <ClCompile Include="H2MOD_GunGame.cpp">
      <Filter>Source Files\H2MOD\Source Files</Filter>
    </ClCompile>
    <ClCompile Include="H2MOD_Infection.cpp">
      <Filter>Source Files\H2MOD\Source Files</Filter>
    </ClCompile>
    <ClCompile Include="h2mod.pb.cc">
      <Filter>Source Files\H2MOD\Header Files</Filter>
    </ClCompile>
    <ClCompile Include="Globals.cpp">
      <Filter>Source Files\H2MOD\Source Files</Filter>
    </ClCompile>
    <ClCompile Include="H2MOD_MapManager.cpp">
      <Filter>Source Files\H2MOD\Source Files</Filter>
    </ClCompile>
    <ClCompile Include="H2MOD_Halo2Final.cpp">
      <Filter>Source Files\H2MOD\Source Files</Filter>
    </ClCompile>
    <ClCompile Include="H2ConsoleCommands.cpp">
      <Filter>Source Files\H2MOD\Source Files</Filter>
    </ClCompile>
    <ClCompile Include="H2MOD_H2X.cpp">
      <Filter>Source Files\H2MOD\Source Files</Filter>
    </ClCompile>
    <ClCompile Include="H2MOD_Mouseinput.cpp">
      <Filter>Source Files\H2MOD\Source Files</Filter>
    </ClCompile>
    <ClCompile Include="GSAccountCreate.cpp">
      <Filter>Source Files\GlitchyScripts</Filter>
    </ClCompile>
    <ClCompile Include="GSAccountLogin.cpp">
      <Filter>Source Files\GlitchyScripts</Filter>
    </ClCompile>
    <ClCompile Include="GSCustomLanguage.cpp">
      <Filter>Source Files\GlitchyScripts</Filter>
    </ClCompile>
    <ClCompile Include="GSCustomMenu.cpp">
      <Filter>Source Files\GlitchyScripts</Filter>
    </ClCompile>
    <ClCompile Include="GSRunLoop.cpp">
      <Filter>Source Files\GlitchyScripts</Filter>
    </ClCompile>
    <ClCompile Include="GSUtils.cpp">
      <Filter>Source Files\GlitchyScripts</Filter>
    </ClCompile>
    <ClCompile Include="H2OnscreenDebugLog.cpp">
      <Filter>Source Files\GlitchyScripts</Filter>
    </ClCompile>
    <ClCompile Include="H2Startup.cpp">
      <Filter>Source Files\GlitchyScripts</Filter>
    </ClCompile>
    <ClCompile Include="H2Tweaks.cpp">
      <Filter>Source Files\GlitchyScripts</Filter>
    </ClCompile>
    <ClCompile Include="H2Accounts.cpp">
      <Filter>Source Files\GlitchyScripts</Filter>
    </ClCompile>
    <ClCompile Include="H2Config.cpp">
      <Filter>Source Files\GlitchyScripts</Filter>
    </ClCompile>
    <ClCompile Include="GSDownload.cpp">
      <Filter>Source Files\GlitchyScripts</Filter>
    </ClCompile>
    <ClCompile Include="H2MOD_GameManager.cpp">
      <Filter>Source Files\H2MOD\Source Files</Filter>
    </ClCompile>
    <ClCompile Include="H2MOD_Network.cpp">
      <Filter>Source Files\H2MOD\Source Files</Filter>
    </ClCompile>
    <ClCompile Include="H2MOD_Players.cpp">
      <Filter>Source Files\H2MOD\Source Files</Filter>
    </ClCompile>
    <ClCompile Include="H2MOD_GameType.cpp">
      <Filter>Source Files\H2MOD\Source Files</Filter>
    </ClCompile>
    <ClCompile Include="discord\DiscordInterface.cpp">
      <Filter>Source Files\Discord</Filter>
    </ClCompile>
    <ClCompile Include="Util\Debug.cpp">
      <Filter>Source Files\Util\Debug</Filter>
    </ClCompile>
    <ClCompile Include="H2MOD_ServerList.cpp">
      <Filter>Source Files\H2MOD\Source Files</Filter>
    </ClCompile>
    <ClCompile Include="Blam\Engine\FileSystem\FiloInterface.cpp">
      <Filter>Source Files</Filter>
    </ClCompile>
    <ClCompile Include="TSClient.cpp">
      <Filter>Source Files\H2MOD\Source Files</Filter>
    </ClCompile>
    <ClCompile Include="TSServer.cpp">
      <Filter>Source Files\H2MOD\Source Files</Filter>
    </ClCompile>
    <ClCompile Include="H2MOD_AdvLobbySettings.cpp">
      <Filter>Source Files\H2MOD\Source Files</Filter>
    </ClCompile>
    <ClCompile Include="MapChecksumSync.cpp">
      <Filter>Source Files\H2MOD\Source Files</Filter>
    </ClCompile>
    <ClCompile Include="Util\hash.cpp">
      <Filter>Source Files\Util</Filter>
    </ClCompile>
  </ItemGroup>
  <ItemGroup>
    <ClInclude Include="Network.h">
      <Filter>Source Files\H2MOD\Header Files</Filter>
    </ClInclude>
    <ClInclude Include="H2MOD.h">
      <Filter>Source Files\H2MOD\Header Files</Filter>
    </ClInclude>
    <ClInclude Include="xlivedefs.h">
      <Filter>Source Files\xlive</Filter>
    </ClInclude>
    <ClInclude Include="xliveless.h">
      <Filter>Source Files\xlive</Filter>
    </ClInclude>
    <ClInclude Include="Detour.h">
      <Filter>Source Files\Util\hooks</Filter>
    </ClInclude>
    <ClInclude Include="Hook.h">
      <Filter>Source Files\Util\hooks</Filter>
    </ClInclude>
    <ClInclude Include="CUser.h">
      <Filter>Source Files\xlive\User Handling</Filter>
    </ClInclude>
    <ClInclude Include="packet.pb.h">
      <Filter>Source Files\xlive\User Handling</Filter>
    </ClInclude>
    <ClInclude Include="GUI.h">
      <Filter>Source Files\H2MOD\GUI\Header Files</Filter>
    </ClInclude>
    <ClInclude Include="cartographer_main.hpp">
      <Filter>Source Files\H2MOD\GUI\Header Files</Filter>
    </ClInclude>
    <ClInclude Include="H2MOD_Sounds.h">
      <Filter>Source Files\H2MOD\Header Files</Filter>
    </ClInclude>
    <ClInclude Include="H2MOD_GunGame.h">
      <Filter>Source Files\H2MOD\Header Files</Filter>
    </ClInclude>
    <ClInclude Include="H2MOD_Infection.h">
      <Filter>Source Files\H2MOD\Header Files</Filter>
    </ClInclude>
    <ClInclude Include="h2mod.pb.h">
      <Filter>Source Files\H2MOD\Header Files</Filter>
    </ClInclude>
    <ClInclude Include="Globals.h">
      <Filter>Source Files\H2MOD\Header Files</Filter>
    </ClInclude>
    <ClInclude Include="H2MOD_MapManager.h">
      <Filter>Source Files\H2MOD\Header Files</Filter>
    </ClInclude>
    <ClInclude Include="H2MOD_Halo2Final.h">
      <Filter>Source Files\H2MOD\Header Files</Filter>
    </ClInclude>
    <ClInclude Include="discord-rpc.h">
      <Filter>Source Files\H2MOD\Header Files</Filter>
    </ClInclude>
    <ClInclude Include="DiscordInterface.h">
      <Filter>Source Files\H2MOD\Header Files</Filter>
    </ClInclude>
    <ClInclude Include="H2ConsoleCommands.h">
      <Filter>Source Files\H2MOD\Header Files</Filter>
    </ClInclude>
    <ClInclude Include="H2MOD_H2X.h">
      <Filter>Source Files\H2MOD\Header Files</Filter>
    </ClInclude>
    <ClInclude Include="H2MOD_Mouseinput.h">
      <Filter>Source Files\H2MOD\Header Files</Filter>
    </ClInclude>
    <ClInclude Include="GSAccountCreate.h">
      <Filter>Source Files\GlitchyScripts</Filter>
    </ClInclude>
    <ClInclude Include="GSAccountLogin.h">
      <Filter>Source Files\GlitchyScripts</Filter>
    </ClInclude>
    <ClInclude Include="GSCustomLanguage.h">
      <Filter>Source Files\GlitchyScripts</Filter>
    </ClInclude>
    <ClInclude Include="GSCustomMenu.h">
      <Filter>Source Files\GlitchyScripts</Filter>
    </ClInclude>
    <ClInclude Include="GSRunLoop.h">
      <Filter>Source Files\GlitchyScripts</Filter>
    </ClInclude>
    <ClInclude Include="GSUtils.h">
      <Filter>Source Files\GlitchyScripts</Filter>
    </ClInclude>
    <ClInclude Include="H2OnscreenDebugLog.h">
      <Filter>Source Files\GlitchyScripts</Filter>
    </ClInclude>
    <ClInclude Include="H2Startup.h">
      <Filter>Source Files\GlitchyScripts</Filter>
    </ClInclude>
    <ClInclude Include="H2Tweaks.h">
      <Filter>Source Files\GlitchyScripts</Filter>
    </ClInclude>
    <ClInclude Include="H2Accounts.h">
      <Filter>Source Files\GlitchyScripts</Filter>
    </ClInclude>
    <ClInclude Include="H2Config.h">
      <Filter>Source Files\GlitchyScripts</Filter>
    </ClInclude>
    <ClInclude Include="ReadIniArguments.h">
      <Filter>Source Files\H2MOD\Header Files</Filter>
    </ClInclude>
    <ClInclude Include="GSDownload.h">
      <Filter>Source Files\GlitchyScripts</Filter>
    </ClInclude>
    <ClInclude Include="H2MOD_GameManager.h">
      <Filter>Source Files\H2MOD\Header Files</Filter>
    </ClInclude>
    <ClInclude Include="H2MOD_Network.h">
      <Filter>Source Files\H2MOD\Header Files</Filter>
    </ClInclude>
    <ClInclude Include="H2MOD_Players.h">
      <Filter>Source Files\H2MOD\Header Files</Filter>
    </ClInclude>
    <ClInclude Include="H2MOD_GameType.h">
      <Filter>Source Files\H2MOD\Header Files</Filter>
    </ClInclude>
    <ClInclude Include="Blam\BlamLibrary.h">
      <Filter>Source Files\Blam</Filter>
    </ClInclude>
    <ClInclude Include="Blam\Enums\Enums.h">
      <Filter>Source Files\Blam\Enums</Filter>
    </ClInclude>
    <ClInclude Include="Blam\Enums\Players\Players.h">
      <Filter>Source Files\Blam\Enums\Players</Filter>
    </ClInclude>
    <ClInclude Include="Blam\Enums\Game\GameTimeGlobals.h">
      <Filter>Source Files\Blam\Enums\Game</Filter>
    </ClInclude>
    <ClInclude Include="Blam\Maths\Angle.h">
      <Filter>Source Files\Blam\Maths</Filter>
    </ClInclude>
    <ClInclude Include="Blam\Maths\Maths.h">
      <Filter>Source Files\Blam\Maths</Filter>
    </ClInclude>
    <ClInclude Include="Blam\Maths\RealColorRGB.h">
      <Filter>Source Files\Blam\Maths</Filter>
    </ClInclude>
    <ClInclude Include="Blam\Maths\RealMovement.h">
      <Filter>Source Files\Blam\Maths</Filter>
    </ClInclude>
    <ClInclude Include="Blam\Maths\RealPoint2D.h">
      <Filter>Source Files\Blam\Maths</Filter>
    </ClInclude>
    <ClInclude Include="Blam\Maths\RealPoint3D.h">
      <Filter>Source Files\Blam\Maths</Filter>
    </ClInclude>
    <ClInclude Include="Blam\Maths\RealVector2D.h">
      <Filter>Source Files\Blam\Maths</Filter>
    </ClInclude>
    <ClInclude Include="Blam\Maths\RealVector3D.h">
      <Filter>Source Files\Blam\Maths</Filter>
    </ClInclude>
    <ClInclude Include="Blam\Shared\DatumIndex.h">
      <Filter>Source Files\Blam\Shared</Filter>
    </ClInclude>
    <ClInclude Include="Blam\Shared\Globals.h">
      <Filter>Source Files\Blam\Shared</Filter>
    </ClInclude>
    <ClInclude Include="Blam\Shared\SharedDefinitions.h">
      <Filter>Source Files\Blam\Shared</Filter>
    </ClInclude>
    <ClInclude Include="Blam\Engine\EngineDefinitions.h">
      <Filter>Source Files\Blam\Engine</Filter>
    </ClInclude>
    <ClInclude Include="Blam\Engine\Objects\ObjectPlacementData.h">
      <Filter>Source Files\Blam\Engine\Objects</Filter>
    </ClInclude>
    <ClInclude Include="Blam\Engine\Objects\Objects.h">
      <Filter>Source Files\Blam\Engine\Objects</Filter>
    </ClInclude>
    <ClInclude Include="Blam\Engine\Objects\ObjectsHeader.h">
      <Filter>Source Files\Blam\Engine\Objects</Filter>
    </ClInclude>
    <ClInclude Include="Blam\Engine\Players\PlayerControls.h">
      <Filter>Source Files\Blam\Engine\Players</Filter>
    </ClInclude>
    <ClInclude Include="Blam\Engine\Players\Players.h">
      <Filter>Source Files\Blam\Engine\Players</Filter>
    </ClInclude>
    <ClInclude Include="Blam\Engine\Game\GameTimeGlobals.h">
      <Filter>Source Files\Blam\Engine\Game</Filter>
    </ClInclude>
    <ClInclude Include="Blam\Engine\Game\GameManager.h">
      <Filter>Source Files\Blam\Engine\Game</Filter>
    </ClInclude>
    <ClInclude Include="Blam\Engine\Extras\Skulls.h">
      <Filter>Source Files\Blam\Engine\Extras</Filter>
    </ClInclude>
    <ClInclude Include="Blam\Shared\DatumIndex.h">
      <Filter>Source Files\Blam\Shared</Filter>
    </ClInclude>
    <ClInclude Include="Blam\Shared\Globals.h">
      <Filter>Source Files\Blam\Shared</Filter>
    </ClInclude>
    <ClInclude Include="Blam\Maths\RealMovement.h">
      <Filter>Source Files\Blam\Maths</Filter>
    </ClInclude>
    <ClInclude Include="Blam\Enums\Objects\Objects.h">
      <Filter>Source Files\Blam\Enums\Objects</Filter>
    </ClInclude>
    <ClInclude Include="Blam\Enums\Objects\Unit.h">
      <Filter>Source Files\Blam\Enums\Objects</Filter>
    </ClInclude>
    <ClInclude Include="Blam\Enums\Game\HaloScriptTypes.h">
      <Filter>Source Files\Blam\Enums\Game</Filter>
    </ClInclude>
    <ClInclude Include="Blam\Engine\Game\HaloScript.h">
      <Filter>Source Files\Blam\Engine\Game</Filter>
    </ClInclude>
    <ClInclude Include="discord\DiscordInterface.h">
      <Filter>Source Files\Discord</Filter>
    </ClInclude>
    <ClInclude Include="Blam\Engine\FileSystem\FiloInterface.h">
      <Filter>Source Files\Blam\Engine\FileSystem</Filter>
    </ClInclude>
    <ClInclude Include="Util\Debug.h">
      <Filter>Source Files\Util\Debug</Filter>
    </ClInclude>
    <ClInclude Include="H2MOD_ServerList.h">
      <Filter>Source Files\H2MOD\Header Files</Filter>
    </ClInclude>
    <ClInclude Include="Blam\Enums\Game\GameEngine.h">
      <Filter>Source Files\Blam\Enums\Game</Filter>
    </ClInclude>
    <ClInclude Include="TSClient.h">
      <Filter>Source Files\H2MOD\Header Files</Filter>
    </ClInclude>
    <ClInclude Include="TSServer.h">
      <Filter>Source Files\H2MOD\Header Files</Filter>
    </ClInclude>
    <ClInclude Include="resource.h">
      <Filter>Header Files</Filter>
    </ClInclude>
    <ClInclude Include="H2MOD_AdvLobbySettings.h">
      <Filter>Source Files\H2MOD\Header Files</Filter>
    </ClInclude>
    <ClInclude Include="MapChecksumSync.h">
      <Filter>Source Files\H2MOD\Header Files</Filter>
    </ClInclude>
    <ClInclude Include="Util\hash.h">
      <Filter>Source Files\Util</Filter>
    </ClInclude>
  </ItemGroup>
  <ItemGroup>
    <None Include="xlive.def">
      <Filter>Source Files\xlive</Filter>
    </None>
  </ItemGroup>
  <ItemGroup>
    <ResourceCompile Include="Resource.rc">
      <Filter>Source Files</Filter>
    </ResourceCompile>
  </ItemGroup>
</Project>