<?xml version="1.0" encoding="utf-8"?>
<Project ToolsVersion="4.0" xmlns="http://schemas.microsoft.com/developer/msbuild/2003">
  <ItemGroup>
    <ClCompile Include="dllmain.cpp" />
    <ClCompile Include="Globals.cpp" />
    <ClCompile Include="stdafx.cpp" />
    <ClCompile Include="unsorted\cartographer_main.cpp">
      <Filter>unsorted</Filter>
    </ClCompile>
    <ClCompile Include="unsorted\Network.cpp">
      <Filter>unsorted</Filter>
    </ClCompile>
    <ClCompile Include="Util\Hooks\Detour.cpp">
      <Filter>Util\Hooks</Filter>
    </ClCompile>
    <ClCompile Include="Util\Hooks\Hook.cpp">
      <Filter>Util\Hooks</Filter>
    </ClCompile>
    <ClCompile Include="Util\Debug\Debug.cpp">
      <Filter>Util\Debug</Filter>
    </ClCompile>
    <ClCompile Include="XLive\UserManagement\protobuf\packet.pb.cc">
      <Filter>XLive\UserManagement\protobuf</Filter>
    </ClCompile>
    <ClCompile Include="XLive\UserManagement\CUser.cpp">
      <Filter>XLive\UserManagement</Filter>
    </ClCompile>
    <ClCompile Include="XLive\Networking\xlive_network.cpp">
      <Filter>XLive\Networking</Filter>
    </ClCompile>
    <ClCompile Include="H2Mod\Discord\DiscordInterface.cpp">
      <Filter>H2Mod\Discord</Filter>
    </ClCompile>
    <ClCompile Include="H2Mod\GUI\GUI.cpp">
      <Filter>H2Mod\GUI</Filter>
    </ClCompile>
    <ClCompile Include="H2Mod\protobuf\h2mod.pb.cc">
      <Filter>H2Mod\protobuf</Filter>
    </ClCompile>
    <ClCompile Include="H2Mod\Variants\GunGame\GunGame.cpp">
      <Filter>H2Mod\Variants\GunGame</Filter>
    </ClCompile>
    <ClCompile Include="H2Mod\Variants\H2Final\H2Final.cpp">
      <Filter>H2Mod\Variants\H2Final</Filter>
    </ClCompile>
    <ClCompile Include="H2Mod\Variants\Zombies\Zombies.cpp">
      <Filter>H2Mod\Variants\Zombies</Filter>
    </ClCompile>
    <ClCompile Include="H2Mod\Variants\JustLikeOG\JustLikeOG.cpp">
      <Filter>H2Mod\Variants\JustLikeOG</Filter>
    </ClCompile>
    <ClCompile Include="H2Mod\H2MOD.cpp">
      <Filter>H2Mod</Filter>
    </ClCompile>
    <ClCompile Include="H2Mod\Modules\Accounts\AccountCreate.cpp">
      <Filter>H2Mod\Modules\Accounts</Filter>
    </ClCompile>
    <ClCompile Include="H2Mod\Modules\Accounts\AccountLogin.cpp">
      <Filter>H2Mod\Modules\Accounts</Filter>
    </ClCompile>
    <ClCompile Include="H2Mod\Modules\Accounts\Accounts.cpp">
      <Filter>H2Mod\Modules\Accounts</Filter>
    </ClCompile>
    <ClCompile Include="H2Mod\Modules\Config\Config.cpp">
      <Filter>H2Mod\Modules\Config</Filter>
    </ClCompile>
    <ClCompile Include="H2Mod\Modules\Console\ConsoleCommands.cpp">
      <Filter>H2Mod\Modules\Console</Filter>
    </ClCompile>
    <ClCompile Include="H2Mod\Modules\CustomMenu\CustomLanguage.cpp">
      <Filter>H2Mod\Modules\CustomMenu</Filter>
    </ClCompile>
    <ClCompile Include="H2Mod\Modules\CustomMenu\CustomMenu.cpp">
      <Filter>H2Mod\Modules\CustomMenu</Filter>
    </ClCompile>
    <ClCompile Include="H2Mod\Modules\GameManager\GameManager.cpp">
      <Filter>H2Mod\Modules\GameManager</Filter>
    </ClCompile>
    <ClCompile Include="H2Mod\Modules\Input\Mouseinput.cpp">
      <Filter>H2Mod\Modules\Input</Filter>
    </ClCompile>
    <ClCompile Include="H2Mod\Modules\MapManager\MapManager.cpp">
      <Filter>H2Mod\Modules\MapManager</Filter>
    </ClCompile>
    <ClCompile Include="H2Mod\Modules\Networking\Networking.cpp">
      <Filter>H2Mod\Modules\Networking</Filter>
    </ClCompile>
    <ClCompile Include="H2Mod\Modules\OnScreenDebug\OnscreenDebugLog.cpp">
      <Filter>H2Mod\Modules\OnScreenDebug</Filter>
    </ClCompile>
    <ClCompile Include="H2Mod\Modules\RunLoop\RunLoop.cpp">
      <Filter>H2Mod\Modules\RunLoop</Filter>
    </ClCompile>
    <ClCompile Include="H2Mod\Modules\Startup\Startup.cpp">
      <Filter>H2Mod\Modules\Startup</Filter>
    </ClCompile>
    <ClCompile Include="H2Mod\Modules\Utils\Utils.cpp">
      <Filter>H2Mod\Modules\Utils</Filter>
    </ClCompile>
    <ClCompile Include="H2Mod\Modules\Updater\Updater.cpp">
      <Filter>H2Mod\Modules\Updater</Filter>
    </ClCompile>
    <ClCompile Include="H2Mod\Modules\Tweaks\Tweaks.cpp">
      <Filter>H2Mod\Modules\Tweaks</Filter>
    </ClCompile>
    <ClCompile Include="xliveless.cpp">
      <Filter>XLive</Filter>
    </ClCompile>
  </ItemGroup>
  <ItemGroup>
    <ClInclude Include="Globals.h" />
    <ClInclude Include="Ini.h" />
    <ClInclude Include="resource.h" />
    <ClInclude Include="stdafx.h" />
    <ClInclude Include="3rdParty\discord\discord-rpc.h">
      <Filter>3rdParty\discord</Filter>
    </ClInclude>
    <ClInclude Include="Blam\BlamLibrary.h">
      <Filter>Blam</Filter>
    </ClInclude>
    <ClInclude Include="Blam\Shared\DatumIndex.h">
      <Filter>Blam\Shared</Filter>
    </ClInclude>
    <ClInclude Include="Blam\Shared\Globals.h">
      <Filter>Blam\Shared</Filter>
    </ClInclude>
    <ClInclude Include="Blam\Shared\SharedDefinitions.h">
      <Filter>Blam\Shared</Filter>
    </ClInclude>
    <ClInclude Include="Blam\Maths\Angle.h">
      <Filter>Blam\Maths</Filter>
    </ClInclude>
    <ClInclude Include="Blam\Maths\Maths.h">
      <Filter>Blam\Maths</Filter>
    </ClInclude>
    <ClInclude Include="Blam\Maths\RealColorRGB.h">
      <Filter>Blam\Maths</Filter>
    </ClInclude>
    <ClInclude Include="Blam\Maths\RealMovement.h">
      <Filter>Blam\Maths</Filter>
    </ClInclude>
    <ClInclude Include="Blam\Maths\RealPoint2D.h">
      <Filter>Blam\Maths</Filter>
    </ClInclude>
    <ClInclude Include="Blam\Maths\RealPoint3D.h">
      <Filter>Blam\Maths</Filter>
    </ClInclude>
    <ClInclude Include="Blam\Maths\RealVector2D.h">
      <Filter>Blam\Maths</Filter>
    </ClInclude>
    <ClInclude Include="Blam\Maths\RealVector3D.h">
      <Filter>Blam\Maths</Filter>
    </ClInclude>
    <ClInclude Include="Blam\Enums\Enums.h">
      <Filter>Blam\Enums</Filter>
    </ClInclude>
    <ClInclude Include="Blam\Enums\Game\GameTimeGlobals.h">
      <Filter>Blam\Enums\Game</Filter>
    </ClInclude>
    <ClInclude Include="Blam\Enums\Game\HaloScriptTypes.h">
      <Filter>Blam\Enums\Game</Filter>
    </ClInclude>
    <ClInclude Include="Blam\Enums\Objects\Objects.h">
      <Filter>Blam\Enums\Objects</Filter>
    </ClInclude>
    <ClInclude Include="Blam\Enums\Objects\Unit.h">
      <Filter>Blam\Enums\Objects</Filter>
    </ClInclude>
    <ClInclude Include="Blam\Enums\Players\Players.h">
      <Filter>Blam\Enums\Players</Filter>
    </ClInclude>
    <ClInclude Include="Blam\Engine\Extras\Skulls.h">
      <Filter>Blam\Engine\Extras</Filter>
    </ClInclude>
    <ClInclude Include="Blam\Engine\Game\GameManager.h">
      <Filter>Blam\Engine\Game</Filter>
    </ClInclude>
    <ClInclude Include="Blam\Engine\Game\GameTimeGlobals.h">
      <Filter>Blam\Engine\Game</Filter>
    </ClInclude>
    <ClInclude Include="Blam\Engine\Game\HaloScript.h">
      <Filter>Blam\Engine\Game</Filter>
    </ClInclude>
    <ClInclude Include="Blam\Engine\Objects\ObjectPlacementData.h">
      <Filter>Blam\Engine\Objects</Filter>
    </ClInclude>
    <ClInclude Include="Blam\Engine\Objects\Objects.h">
      <Filter>Blam\Engine\Objects</Filter>
    </ClInclude>
    <ClInclude Include="Blam\Engine\Objects\ObjectsHeader.h">
      <Filter>Blam\Engine\Objects</Filter>
    </ClInclude>
    <ClInclude Include="Blam\Engine\Players\PlayerControls.h">
      <Filter>Blam\Engine\Players</Filter>
    </ClInclude>
    <ClInclude Include="Blam\Engine\Players\Players.h">
      <Filter>Blam\Engine\Players</Filter>
    </ClInclude>
    <ClInclude Include="Blam\Engine\EngineDefinitions.h">
      <Filter>Blam\Engine</Filter>
    </ClInclude>
    <ClInclude Include="unsorted\cartographer_main.hpp">
      <Filter>unsorted</Filter>
    </ClInclude>
    <ClInclude Include="unsorted\Network.h">
      <Filter>unsorted</Filter>
    </ClInclude>
    <ClInclude Include="Util\Hooks\Detour.h">
      <Filter>Util\Hooks</Filter>
    </ClInclude>
    <ClInclude Include="Util\Hooks\Hook.h">
      <Filter>Util\Hooks</Filter>
    </ClInclude>
    <ClInclude Include="Util\Debug\Debug.h">
      <Filter>Util\Debug</Filter>
    </ClInclude>
    <ClInclude Include="Util\ReadIniArguments.h">
      <Filter>Util</Filter>
    </ClInclude>
    <ClInclude Include="XLive\UserManagement\protobuf\packet.pb.h">
      <Filter>XLive\UserManagement\protobuf</Filter>
    </ClInclude>
    <ClInclude Include="XLive\UserManagement\CUser.h">
      <Filter>XLive\UserManagement</Filter>
    </ClInclude>
    <ClInclude Include="H2Mod\Discord\DiscordInterface.h">
      <Filter>H2Mod\Discord</Filter>
    </ClInclude>
    <ClInclude Include="H2Mod\GUI\GUI.h">
      <Filter>H2Mod\GUI</Filter>
    </ClInclude>
    <ClInclude Include="H2Mod\protobuf\h2mod.pb.h">
      <Filter>H2Mod\protobuf</Filter>
    </ClInclude>
    <ClInclude Include="H2Mod\Variants\GunGame\GunGame.h">
      <Filter>H2Mod\Variants\GunGame</Filter>
    </ClInclude>
    <ClInclude Include="H2Mod\Variants\H2Final\H2Final.h">
      <Filter>H2Mod\Variants\H2Final</Filter>
    </ClInclude>
    <ClInclude Include="H2Mod\Variants\Zombies\Zombies.h">
      <Filter>H2Mod\Variants\Zombies</Filter>
    </ClInclude>
    <ClInclude Include="H2Mod\Variants\JustLikeOG\JustLikeOG.h">
      <Filter>H2Mod\Variants\JustLikeOG</Filter>
    </ClInclude>
    <ClInclude Include="H2Mod\H2MOD.h">
      <Filter>H2Mod</Filter>
    </ClInclude>
    <ClInclude Include="H2Mod\Modules\Accounts\AccountCreate.h">
      <Filter>H2Mod\Modules\Accounts</Filter>
    </ClInclude>
    <ClInclude Include="H2Mod\Modules\Accounts\AccountLogin.h">
      <Filter>H2Mod\Modules\Accounts</Filter>
    </ClInclude>
    <ClInclude Include="H2Mod\Modules\Accounts\Accounts.h">
      <Filter>H2Mod\Modules\Accounts</Filter>
    </ClInclude>
    <ClInclude Include="H2Mod\Modules\Config\Config.h">
      <Filter>H2Mod\Modules\Config</Filter>
    </ClInclude>
    <ClInclude Include="H2Mod\Modules\Console\ConsoleCommands.h">
      <Filter>H2Mod\Modules\Console</Filter>
    </ClInclude>
    <ClInclude Include="H2Mod\Modules\CustomMenu\CustomLanguage.h">
      <Filter>H2Mod\Modules\CustomMenu</Filter>
    </ClInclude>
    <ClInclude Include="H2Mod\Modules\CustomMenu\CustomMenu.h">
      <Filter>H2Mod\Modules\CustomMenu</Filter>
    </ClInclude>
    <ClInclude Include="H2Mod\Modules\GameManager\GameManager.h">
      <Filter>H2Mod\Modules\GameManager</Filter>
    </ClInclude>
    <ClInclude Include="H2Mod\Modules\Input\Mouseinput.h">
      <Filter>H2Mod\Modules\Input</Filter>
    </ClInclude>
    <ClInclude Include="H2Mod\Modules\MapManager\MapManager.h">
      <Filter>H2Mod\Modules\MapManager</Filter>
    </ClInclude>
    <ClInclude Include="H2Mod\Modules\Networking\Networking.h">
      <Filter>H2Mod\Modules\Networking</Filter>
    </ClInclude>
    <ClInclude Include="H2Mod\Modules\OnScreenDebug\OnscreenDebugLog.h">
      <Filter>H2Mod\Modules\OnScreenDebug</Filter>
    </ClInclude>
    <ClInclude Include="H2Mod\Modules\RunLoop\RunLoop.h">
      <Filter>H2Mod\Modules\RunLoop</Filter>
    </ClInclude>
    <ClInclude Include="H2Mod\Modules\Startup\Startup.h">
      <Filter>H2Mod\Modules\Startup</Filter>
    </ClInclude>
    <ClInclude Include="H2Mod\Modules\Utils\Utils.h">
      <Filter>H2Mod\Modules\Utils</Filter>
    </ClInclude>
    <ClInclude Include="H2Mod\Modules\Updater\Updater.h">
      <Filter>H2Mod\Modules\Updater</Filter>
    </ClInclude>
    <ClInclude Include="H2Mod\Modules\Tweaks\Tweaks.h">
      <Filter>H2Mod\Modules\Tweaks</Filter>
    </ClInclude>
    <ClInclude Include="xliveless.h">
      <Filter>XLive</Filter>
    </ClInclude>
    <ClInclude Include="xlivedefs.h">
      <Filter>XLive</Filter>
    </ClInclude>
  </ItemGroup>
  <ItemGroup>
    <None Include="Resource.aps" />
    <None Include="H2Mod\Variants\GunGame\gungame.ini">
      <Filter>H2Mod\Variants\GunGame</Filter>
    </None>
    <None Include="xlive.def">
      <Filter>XLive</Filter>
    </None>
  </ItemGroup>
  <ItemGroup>
    <ResourceCompile Include="Resource.rc" />
    <ResourceCompile Include="xliveless.rc">
      <Filter>XLive</Filter>
    </ResourceCompile>
  </ItemGroup>
  <ItemGroup>
    <Filter Include="Blam">
      <UniqueIdentifier>{f548192d-b194-4c92-8cc7-2f4a3427ffc5}</UniqueIdentifier>
    </Filter>
    <Filter Include="Util">
      <UniqueIdentifier>{3ecca278-c4e0-44f3-9326-7cef8befb4c4}</UniqueIdentifier>
    </Filter>
    <Filter Include="Blam\Engine">
      <UniqueIdentifier>{e1bc1b27-93fb-4dea-be61-be18dc7602fa}</UniqueIdentifier>
    </Filter>
    <Filter Include="Blam\Enums">
      <UniqueIdentifier>{eedbfea3-8527-4dc3-8102-093acf7db9a1}</UniqueIdentifier>
    </Filter>
    <Filter Include="Blam\Maths">
      <UniqueIdentifier>{cdfc4039-7eaf-444f-bde4-817755da7c37}</UniqueIdentifier>
    </Filter>
    <Filter Include="Blam\Shared">
      <UniqueIdentifier>{91f677f9-261b-4344-bbf5-4fa8b3f3c9f4}</UniqueIdentifier>
    </Filter>
    <Filter Include="Blam\Enums\Game">
      <UniqueIdentifier>{4b7ca3e9-6514-4c85-b971-a1486b204e02}</UniqueIdentifier>
    </Filter>
    <Filter Include="Blam\Enums\Objects">
      <UniqueIdentifier>{6fa9ac25-2b32-4ed9-be26-1708cebfe760}</UniqueIdentifier>
    </Filter>
    <Filter Include="Blam\Enums\Players">
      <UniqueIdentifier>{7f6b53af-d1d7-4d2d-bbb2-f06ad7685a95}</UniqueIdentifier>
    </Filter>
    <Filter Include="Blam\Engine\Extras">
      <UniqueIdentifier>{20dc014b-f5bc-45cf-be24-f2a70dde9784}</UniqueIdentifier>
    </Filter>
    <Filter Include="Blam\Engine\Game">
      <UniqueIdentifier>{b50b79e7-c26b-4d46-ac0f-f39e6be0fa3d}</UniqueIdentifier>
    </Filter>
    <Filter Include="Blam\Engine\Players">
      <UniqueIdentifier>{a012cde9-9f5d-4a2d-bb1f-f0d70cf9b928}</UniqueIdentifier>
    </Filter>
    <Filter Include="Blam\Engine\Objects">
      <UniqueIdentifier>{9946856c-e8b9-46f4-bea7-b7c77f095058}</UniqueIdentifier>
    </Filter>
    <Filter Include="unsorted">
      <UniqueIdentifier>{b41465c9-e0f2-4ee6-99a2-68be9bc1063c}</UniqueIdentifier>
    </Filter>
    <Filter Include="Util\Debug">
      <UniqueIdentifier>{87828ae3-622c-4353-bc2b-c8aa4a1ddbbf}</UniqueIdentifier>
    </Filter>
    <Filter Include="Util\Hooks">
      <UniqueIdentifier>{e504eb63-a262-44d6-ae53-90a87a7058db}</UniqueIdentifier>
    </Filter>
    <Filter Include="XLive">
      <UniqueIdentifier>{f43147d1-5129-41b1-968e-1a9f8675ca9f}</UniqueIdentifier>
    </Filter>
    <Filter Include="XLive\Networking">
      <UniqueIdentifier>{173d5da0-3320-4baa-999b-f6f0df8d9f6f}</UniqueIdentifier>
    </Filter>
    <Filter Include="XLive\UserManagement">
      <UniqueIdentifier>{92c69169-b6e3-44bf-968c-de44102a7154}</UniqueIdentifier>
    </Filter>
    <Filter Include="XLive\UserManagement\protobuf">
      <UniqueIdentifier>{53107854-444b-484a-8c12-75441eb11b56}</UniqueIdentifier>
    </Filter>
    <Filter Include="H2Mod">
      <UniqueIdentifier>{3dd6d386-f460-4479-aafe-452694e2e60a}</UniqueIdentifier>
    </Filter>
    <Filter Include="3rdParty">
      <UniqueIdentifier>{342db84f-31d8-4cd0-b562-8925dd7474bd}</UniqueIdentifier>
    </Filter>
    <Filter Include="3rdParty\discord">
      <UniqueIdentifier>{3b18c84e-db0d-442c-a92d-363d3f6bb2b7}</UniqueIdentifier>
    </Filter>
    <Filter Include="H2Mod\Discord">
      <UniqueIdentifier>{00cd6698-3d8c-4817-a740-541c9895518f}</UniqueIdentifier>
    </Filter>
    <Filter Include="H2Mod\GUI">
      <UniqueIdentifier>{cc693589-1e6d-4229-801b-b616cdb2251e}</UniqueIdentifier>
    </Filter>
    <Filter Include="H2Mod\protobuf">
      <UniqueIdentifier>{cfb966e3-002e-4a9c-9c7d-5b4c8812b35f}</UniqueIdentifier>
    </Filter>
    <Filter Include="H2Mod\Variants">
      <UniqueIdentifier>{cf7123e1-5665-4004-8646-65a7cf6beeec}</UniqueIdentifier>
    </Filter>
    <Filter Include="H2Mod\Variants\GunGame">
      <UniqueIdentifier>{45fdf228-c04a-4608-9772-bd5b86212371}</UniqueIdentifier>
    </Filter>
    <Filter Include="H2Mod\Variants\H2Final">
      <UniqueIdentifier>{a2359aed-71a4-4b07-8416-3105042009bb}</UniqueIdentifier>
    </Filter>
    <Filter Include="H2Mod\Variants\Zombies">
      <UniqueIdentifier>{a35daa8d-af61-428b-ae4b-32edf91b8db6}</UniqueIdentifier>
    </Filter>
    <Filter Include="H2Mod\Variants\JustLikeOG">
      <UniqueIdentifier>{c8fe5aac-0f48-47ee-81b1-4987add22ce3}</UniqueIdentifier>
    </Filter>
    <Filter Include="H2Mod\Modules">
      <UniqueIdentifier>{5cd2280e-2892-4bac-bcf1-71ec941a3285}</UniqueIdentifier>
    </Filter>
    <Filter Include="H2Mod\Modules\Accounts">
      <UniqueIdentifier>{99d14b91-9072-4512-8200-3f78c3a123bc}</UniqueIdentifier>
    </Filter>
    <Filter Include="H2Mod\Modules\Config">
      <UniqueIdentifier>{adf329aa-3c59-4c6e-8c04-5b40dccddd1b}</UniqueIdentifier>
    </Filter>
    <Filter Include="H2Mod\Modules\Console">
      <UniqueIdentifier>{77eb8a73-e003-43e0-87ad-df87ab225ff4}</UniqueIdentifier>
    </Filter>
    <Filter Include="H2Mod\Modules\CustomMenu">
      <UniqueIdentifier>{d45915e5-e078-4892-8734-186cc2859e06}</UniqueIdentifier>
    </Filter>
    <Filter Include="H2Mod\Modules\Input">
      <UniqueIdentifier>{379cb7af-bca9-4c07-964e-1b789dd5d278}</UniqueIdentifier>
    </Filter>
    <Filter Include="H2Mod\Modules\MapManager">
      <UniqueIdentifier>{c1ff6ea8-134c-409b-afba-d1dbb6b5c9ff}</UniqueIdentifier>
    </Filter>
    <Filter Include="H2Mod\Modules\GameManager">
      <UniqueIdentifier>{23f0a79b-a829-440a-81e8-b2cdc9c58c16}</UniqueIdentifier>
    </Filter>
    <Filter Include="H2Mod\Modules\Networking">
      <UniqueIdentifier>{1a5f91ab-0fcd-4049-86ac-1645bc1e4ee2}</UniqueIdentifier>
    </Filter>
    <Filter Include="H2Mod\Modules\Utils">
      <UniqueIdentifier>{2d44b4f0-0a4c-4fe8-af71-577b3504292e}</UniqueIdentifier>
    </Filter>
    <Filter Include="H2Mod\Modules\Updater">
      <UniqueIdentifier>{c7f84d17-e47c-4227-b5e4-a4500c85e4a8}</UniqueIdentifier>
    </Filter>
    <Filter Include="H2Mod\Modules\Tweaks">
      <UniqueIdentifier>{9342e332-588a-45e0-92ef-da0e108f0610}</UniqueIdentifier>
    </Filter>
    <Filter Include="H2Mod\Modules\Startup">
      <UniqueIdentifier>{b3051e33-8bae-45fa-8637-5cc8e31da545}</UniqueIdentifier>
    </Filter>
    <Filter Include="H2Mod\Modules\RunLoop">
      <UniqueIdentifier>{5fd652cc-f07b-4953-bf27-492deea256db}</UniqueIdentifier>
    </Filter>
    <Filter Include="H2Mod\Modules\OnScreenDebug">
      <UniqueIdentifier>{9d753bba-8066-4702-b916-2dabb5e58c47}</UniqueIdentifier>
    </Filter>
  </ItemGroup>
  <ItemGroup>
    <Library Include="3rdParty\discord\discord-rpc.lib">
      <Filter>3rdParty\discord</Filter>
    </Library>
    <Library Include="3rdParty\discord\discord-rpc-debug.lib">
      <Filter>3rdParty\discord</Filter>
    </Library>
  </ItemGroup>
  <ItemGroup>
    <Text Include="unsorted\nat_punch.txt">
      <Filter>unsorted</Filter>
    </Text>
    <Text Include="unsorted\todo.txt">
      <Filter>unsorted</Filter>
    </Text>
  </ItemGroup>
</Project>